
Microsoft Visual Studio Solution File, Format Version 12.00
# Visual Studio Version 17
VisualStudioVersion = 17.10.35013.160
MinimumVisualStudioVersion = 10.0.40219.1
Project("{9A19103F-16F7-4668-BE54-9A1E7A4F7556}") = "Axiom.Anamnese.Web", "Axiom.Anamnese.Web.csproj", "{3A246187-BBDC-465A-80F5-1E4D8B4C5B6A}"
	ProjectSection(ProjectDependencies) = postProject
		{C92140B9-76CF-4390-8761-3A2A6BC4C285} = {C92140B9-76CF-4390-8761-3A2A6BC4C285}
		{F2CEA214-A233-49A8-A827-B687B7CE9CAD} = {F2CEA214-A233-49A8-A827-B687B7CE9CAD}
	EndProjectSection
EndProject
Project("{9A19103F-16F7-4668-BE54-9A1E7A4F7556}") = "Axiom.Services.PersonAPI", "..\Axiom.Services.PersonAPI\Axiom.Services.PersonAPI.csproj", "{C92140B9-76CF-4390-8761-3A2A6BC4C285}"
EndProject
Project("{2150E333-8FDC-42A3-9474-1A3956D46DE8}") = "Services", "Services", "{37C36598-18E5-484C-B1A4-0BE2696A6BC4}"
EndProject
Project("{9A19103F-16F7-4668-BE54-9A1E7A4F7556}") = "Axiom.Services.AuthAPI", "..\Axiom.Services.AuthAPI\Axiom.Services.AuthAPI.csproj", "{F2CEA214-A233-49A8-A827-B687B7CE9CAD}"
EndProject
Project("{2150E333-8FDC-42A3-9474-1A3956D46DE8}") = "FrontEnd", "FrontEnd", "{B0A5C6F5-29B7-4DAA-89A0-0B6342C45D11}"
EndProject
Global
	GlobalSection(SolutionConfigurationPlatforms) = preSolution
		Debug|Any CPU = Debug|Any CPU
		Release|Any CPU = Release|Any CPU
	EndGlobalSection
	GlobalSection(ProjectConfigurationPlatforms) = postSolution
		{3A246187-BBDC-465A-80F5-1E4D8B4C5B6A}.Debug|Any CPU.ActiveCfg = Debug|Any CPU
		{3A246187-BBDC-465A-80F5-1E4D8B4C5B6A}.Debug|Any CPU.Build.0 = Debug|Any CPU
		{3A246187-BBDC-465A-80F5-1E4D8B4C5B6A}.Release|Any CPU.ActiveCfg = Release|Any CPU
		{3A246187-BBDC-465A-80F5-1E4D8B4C5B6A}.Release|Any CPU.Build.0 = Release|Any CPU
		{C92140B9-76CF-4390-8761-3A2A6BC4C285}.Debug|Any CPU.ActiveCfg = Debug|Any CPU
		{C92140B9-76CF-4390-8761-3A2A6BC4C285}.Debug|Any CPU.Build.0 = Debug|Any CPU
		{C92140B9-76CF-4390-8761-3A2A6BC4C285}.Release|Any CPU.ActiveCfg = Release|Any CPU
		{C92140B9-76CF-4390-8761-3A2A6BC4C285}.Release|Any CPU.Build.0 = Release|Any CPU
		{F2CEA214-A233-49A8-A827-B687B7CE9CAD}.Debug|Any CPU.ActiveCfg = Debug|Any CPU
		{F2CEA214-A233-49A8-A827-B687B7CE9CAD}.Debug|Any CPU.Build.0 = Debug|Any CPU
		{F2CEA214-A233-49A8-A827-B687B7CE9CAD}.Release|Any CPU.ActiveCfg = Release|Any CPU
		{F2CEA214-A233-49A8-A827-B687B7CE9CAD}.Release|Any CPU.Build.0 = Release|Any CPU
	EndGlobalSection
	GlobalSection(SolutionProperties) = preSolution
		HideSolutionNode = FALSE
	EndGlobalSection
	GlobalSection(NestedProjects) = preSolution
		{3A246187-BBDC-465A-80F5-1E4D8B4C5B6A} = {B0A5C6F5-29B7-4DAA-89A0-0B6342C45D11}
		{C92140B9-76CF-4390-8761-3A2A6BC4C285} = {37C36598-18E5-484C-B1A4-0BE2696A6BC4}
		{F2CEA214-A233-49A8-A827-B687B7CE9CAD} = {37C36598-18E5-484C-B1A4-0BE2696A6BC4}
	EndGlobalSection
	GlobalSection(ExtensibilityGlobals) = postSolution
		SolutionGuid = {C381D936-EB90-4845-83D6-CBF35FE0E553}
	EndGlobalSection
EndGlobal
