
Microsoft Visual Studio Solution File, Format Version 12.00
# Visual Studio Version 17
VisualStudioVersion = 17.10.35013.160
MinimumVisualStudioVersion = 10.0.40219.1
Project("{FAE04EC0-301F-11D3-BF4B-00C04F79EFBC}") = "Axiom.Anamnese.Web", "Axiom.Anamnese.Web.csproj", "{3A246187-BBDC-465A-80F5-1E4D8B4C5B6A}"
EndProject
Global
	GlobalSection(SolutionConfigurationPlatforms) = preSolution
		Debug|Any CPU = Debug|Any CPU
		Release|Any CPU = Release|Any CPU
	EndGlobalSection
	GlobalSection(ProjectConfigurationPlatforms) = postSolution
		{3A246187-BBDC-465A-80F5-1E4D8B4C5B6A}.Debug|Any CPU.ActiveCfg = Debug|Any CPU
		{3A246187-BBDC-465A-80F5-1E4D8B4C5B6A}.Debug|Any CPU.Build.0 = Debug|Any CPU
		{3A246187-BBDC-465A-80F5-1E4D8B4C5B6A}.Release|Any CPU.ActiveCfg = Release|Any CPU
		{3A246187-BBDC-465A-80F5-1E4D8B4C5B6A}.Release|Any CPU.Build.0 = Release|Any CPU
	EndGlobalSection
	GlobalSection(SolutionProperties) = preSolution
		HideSolutionNode = FALSE
	EndGlobalSection
	GlobalSection(ExtensibilityGlobals) = postSolution
		SolutionGuid = {C381D936-EB90-4845-83D6-CBF35FE0E553}
	EndGlobalSection
EndGlobal
